dependencies:
- name: cloudflare-tunnel-ingress-controller
  repository: https://helm.strrl.dev
  version: 0.0.18
- name: ingress-nginx
  repository: https://kubernetes.github.io/ingress-nginx
  version: 4.13.0
digest: sha256:dec6b8255507be9f72588717697075a224f2a415f2a17b76395bde582729d1ca
generated: "2025-07-15T00:14:48.130911943+09:00"
