dependencies:
- name: cloudflare-tunnel-ingress-controller
  repository: https://helm.strrl.dev
  version: 0.0.18
- name: ingress-nginx
  repository: https://kubernetes.github.io/ingress-nginx
  version: 4.13.0
digest: sha256:c4f392cb6ec47817963520711e4a7c55b55874c3a0a86e444e0c6a28b1e75c15
generated: "2025-07-16T20:26:06.977207976+09:00"
